
Microsoft Visual Studio Solution File, Format Version 12.00
# Visual Studio Version 16
VisualStudioVersion = 16.0.32228.343
MinimumVisualStudioVersion = 10.0.40219.1
Project("{FAE04EC0-301F-11D3-BF4B-00C04F79EFBC}") = "RailwayManagementSystem", "RailwayManagementSystem.csproj", "{E03F7288-9469-490D-A93C-1739DE623F0B}"
EndProject
Global
	GlobalSection(SolutionConfigurationPlatforms) = preSolution
		Debug|Any CPU = Debug|Any CPU
		Release|Any CPU = Release|Any CPU
	EndGlobalSection
	GlobalSection(ProjectConfigurationPlatforms) = postSolution
		{E03F7288-9469-490D-A93C-1739DE623F0B}.Debug|Any CPU.ActiveCfg = Debug|Any CPU
		{E03F7288-9469-490D-A93C-1739DE623F0B}.Debug|Any CPU.Build.0 = Debug|Any CPU
		{E03F7288-9469-490D-A93C-1739DE623F0B}.Release|Any CPU.ActiveCfg = Release|Any CPU
		{E03F7288-9469-490D-A93C-1739DE623F0B}.Release|Any CPU.Build.0 = Release|Any CPU
	EndGlobalSection
	GlobalSection(SolutionProperties) = preSolution
		HideSolutionNode = FALSE
	EndGlobalSection
	GlobalSection(ExtensibilityGlobals) = postSolution
		SolutionGuid = {1BC2CB27-E52F-4BA9-9F89-BD5122BAD74A}
	EndGlobalSection
EndGlobal
